
Microsoft Visual Studio Solution File, Format Version 12.00
# Visual Studio 14
VisualStudioVersion = 14.0.25420.1
MinimumVisualStudioVersion = 10.0.40219.1
Project("{FAE04EC0-301F-11D3-BF4B-00C04F79EFBC}") = "EssentialTools", "PartyInvites\EssentialTools.csproj", "{7D076D22-B178-4567-8808-767DB749E635}"
EndProject
Project("{FAE04EC0-301F-11D3-BF4B-00C04F79EFBC}") = "EssentialTools.Tests", "EssentialTools.Tests\EssentialTools.Tests.csproj", "{DCFC5602-E1ED-4698-AA62-7B8DB88C69F0}"
EndProject
Global
	GlobalSection(SolutionConfigurationPlatforms) = preSolution
		Debug|Any CPU = Debug|Any CPU
		Release|Any CPU = Release|Any CPU
	EndGlobalSection
	GlobalSection(ProjectConfigurationPlatforms) = postSolution
		{7D076D22-B178-4567-8808-767DB749E635}.Debug|Any CPU.ActiveCfg = Debug|Any CPU
		{7D076D22-B178-4567-8808-767DB749E635}.Debug|Any CPU.Build.0 = Debug|Any CPU
		{7D076D22-B178-4567-8808-767DB749E635}.Release|Any CPU.ActiveCfg = Release|Any CPU
		{7D076D22-B178-4567-8808-767DB749E635}.Release|Any CPU.Build.0 = Release|Any CPU
		{DCFC5602-E1ED-4698-AA62-7B8DB88C69F0}.Debug|Any CPU.ActiveCfg = Debug|Any CPU
		{DCFC5602-E1ED-4698-AA62-7B8DB88C69F0}.Debug|Any CPU.Build.0 = Debug|Any CPU
		{DCFC5602-E1ED-4698-AA62-7B8DB88C69F0}.Release|Any CPU.ActiveCfg = Release|Any CPU
		{DCFC5602-E1ED-4698-AA62-7B8DB88C69F0}.Release|Any CPU.Build.0 = Release|Any CPU
	EndGlobalSection
	GlobalSection(SolutionProperties) = preSolution
		HideSolutionNode = FALSE
	EndGlobalSection
EndGlobal
