
Microsoft Visual Studio Solution File, Format Version 12.00
# Visual Studio 14
VisualStudioVersion = 14.0.25420.1
MinimumVisualStudioVersion = 10.0.40219.1
Project("{FAE04EC0-301F-11D3-BF4B-00C04F79EFBC}") = "UrlsAndRoutes", "UrlsAndRoutes\UrlsAndRoutes.csproj", "{EC10DC3D-4415-487D-91F3-AE257B100D67}"
EndProject
Project("{FAE04EC0-301F-11D3-BF4B-00C04F79EFBC}") = "UrlsAndRoutes.Tests", "UrlsAndRoutes.Tests\UrlsAndRoutes.Tests.csproj", "{BBEEFE7B-B91A-4E54-A374-83455CA19106}"
EndProject
Global
	GlobalSection(SolutionConfigurationPlatforms) = preSolution
		Debug|Any CPU = Debug|Any CPU
		Release|Any CPU = Release|Any CPU
	EndGlobalSection
	GlobalSection(ProjectConfigurationPlatforms) = postSolution
		{EC10DC3D-4415-487D-91F3-AE257B100D67}.Debug|Any CPU.ActiveCfg = Debug|Any CPU
		{EC10DC3D-4415-487D-91F3-AE257B100D67}.Debug|Any CPU.Build.0 = Debug|Any CPU
		{EC10DC3D-4415-487D-91F3-AE257B100D67}.Release|Any CPU.ActiveCfg = Release|Any CPU
		{EC10DC3D-4415-487D-91F3-AE257B100D67}.Release|Any CPU.Build.0 = Release|Any CPU
		{BBEEFE7B-B91A-4E54-A374-83455CA19106}.Debug|Any CPU.ActiveCfg = Debug|Any CPU
		{BBEEFE7B-B91A-4E54-A374-83455CA19106}.Debug|Any CPU.Build.0 = Debug|Any CPU
		{BBEEFE7B-B91A-4E54-A374-83455CA19106}.Release|Any CPU.ActiveCfg = Release|Any CPU
		{BBEEFE7B-B91A-4E54-A374-83455CA19106}.Release|Any CPU.Build.0 = Release|Any CPU
	EndGlobalSection
	GlobalSection(SolutionProperties) = preSolution
		HideSolutionNode = FALSE
	EndGlobalSection
EndGlobal
